
Microsoft Visual Studio Solution File, Format Version 12.00
# Visual Studio 14
VisualStudioVersion = 14.0.24720.0
MinimumVisualStudioVersion = 10.0.40219.1
Project("{FAE04EC0-301F-11D3-BF4B-00C04F79EFBC}") = "Ch4Ex8b-RockPaperScissors", "Ch4Ex8b-RockPaperScissors\Ch4Ex8b-RockPaperScissors.csproj", "{4DDE8A4B-9058-453A-A03F-AE6AD189A01B}"
EndProject
Global
	GlobalSection(SolutionConfigurationPlatforms) = preSolution
		Debug|Any CPU = Debug|Any CPU
		Release|Any CPU = Release|Any CPU
	EndGlobalSection
	GlobalSection(ProjectConfigurationPlatforms) = postSolution
		{4DDE8A4B-9058-453A-A03F-AE6AD189A01B}.Debug|Any CPU.ActiveCfg = Debug|Any CPU
		{4DDE8A4B-9058-453A-A03F-AE6AD189A01B}.Debug|Any CPU.Build.0 = Debug|Any CPU
		{4DDE8A4B-9058-453A-A03F-AE6AD189A01B}.Release|Any CPU.ActiveCfg = Release|Any CPU
		{4DDE8A4B-9058-453A-A03F-AE6AD189A01B}.Release|Any CPU.Build.0 = Release|Any CPU
	EndGlobalSection
	GlobalSection(SolutionProperties) = preSolution
		HideSolutionNode = FALSE
	EndGlobalSection
EndGlobal
